
Microsoft Visual Studio Solution File, Format Version 12.00
# Visual Studio Version 17
VisualStudioVersion = 17.14.36109.1
MinimumVisualStudioVersion = 10.0.40219.1
Project("{FAE04EC0-301F-11D3-BF4B-00C04F79EFBC}") = "PersonalPunchClock", "PersonalPunchClock.csproj", "{C1D3332F-D658-40D7-A07B-5CC7C7FA7ECF}"
EndProject
Global
	GlobalSection(SolutionConfigurationPlatforms) = preSolution
		Debug|Any CPU = Debug|Any CPU
		Release|Any CPU = Release|Any CPU
	EndGlobalSection
	GlobalSection(ProjectConfigurationPlatforms) = postSolution
		{C1D3332F-D658-40D7-A07B-5CC7C7FA7ECF}.Debug|Any CPU.ActiveCfg = Debug|Any CPU
		{C1D3332F-D658-40D7-A07B-5CC7C7FA7ECF}.Debug|Any CPU.Build.0 = Debug|Any CPU
		{C1D3332F-D658-40D7-A07B-5CC7C7FA7ECF}.Release|Any CPU.ActiveCfg = Release|Any CPU
		{C1D3332F-D658-40D7-A07B-5CC7C7FA7ECF}.Release|Any CPU.Build.0 = Release|Any CPU
	EndGlobalSection
	GlobalSection(SolutionProperties) = preSolution
		HideSolutionNode = FALSE
	EndGlobalSection
	GlobalSection(ExtensibilityGlobals) = postSolution
		SolutionGuid = {EF78BE49-B888-477F-AB14-7EEF89699519}
	EndGlobalSection
EndGlobal
